
Microsoft Visual Studio Solution File, Format Version 12.00
# Visual Studio 15
VisualStudioVersion = 15.0.28010.2019
MinimumVisualStudioVersion = 10.0.40219.1
Project("{FAE04EC0-301F-11D3-BF4B-00C04F79EFBC}") = "cicli02", "cicli02\cicli02.csproj", "{EFAE9D6C-AA54-4BBE-8CF0-CB4CE42DC501}"
EndProject
Global
	GlobalSection(SolutionConfigurationPlatforms) = preSolution
		Debug|Any CPU = Debug|Any CPU
		Release|Any CPU = Release|Any CPU
	EndGlobalSection
	GlobalSection(ProjectConfigurationPlatforms) = postSolution
		{EFAE9D6C-AA54-4BBE-8CF0-CB4CE42DC501}.Debug|Any CPU.ActiveCfg = Debug|Any CPU
		{EFAE9D6C-AA54-4BBE-8CF0-CB4CE42DC501}.Debug|Any CPU.Build.0 = Debug|Any CPU
		{EFAE9D6C-AA54-4BBE-8CF0-CB4CE42DC501}.Release|Any CPU.ActiveCfg = Release|Any CPU
		{EFAE9D6C-AA54-4BBE-8CF0-CB4CE42DC501}.Release|Any CPU.Build.0 = Release|Any CPU
	EndGlobalSection
	GlobalSection(SolutionProperties) = preSolution
		HideSolutionNode = FALSE
	EndGlobalSection
	GlobalSection(ExtensibilityGlobals) = postSolution
		SolutionGuid = {D5C5FD0A-B008-4787-A478-F832D348A930}
	EndGlobalSection
EndGlobal
