
Microsoft Visual Studio Solution File, Format Version 12.00
# Visual Studio 15
VisualStudioVersion = 15.0.28010.2050
MinimumVisualStudioVersion = 10.0.40219.1
Project("{FAE04EC0-301F-11D3-BF4B-00C04F79EFBC}") = "automobile", "automobile\automobile.csproj", "{A78609A4-0264-4D9A-9410-E6567DA38976}"
EndProject
Global
	GlobalSection(SolutionConfigurationPlatforms) = preSolution
		Debug|Any CPU = Debug|Any CPU
		Release|Any CPU = Release|Any CPU
	EndGlobalSection
	GlobalSection(ProjectConfigurationPlatforms) = postSolution
		{A78609A4-0264-4D9A-9410-E6567DA38976}.Debug|Any CPU.ActiveCfg = Debug|Any CPU
		{A78609A4-0264-4D9A-9410-E6567DA38976}.Debug|Any CPU.Build.0 = Debug|Any CPU
		{A78609A4-0264-4D9A-9410-E6567DA38976}.Release|Any CPU.ActiveCfg = Release|Any CPU
		{A78609A4-0264-4D9A-9410-E6567DA38976}.Release|Any CPU.Build.0 = Release|Any CPU
	EndGlobalSection
	GlobalSection(SolutionProperties) = preSolution
		HideSolutionNode = FALSE
	EndGlobalSection
	GlobalSection(ExtensibilityGlobals) = postSolution
		SolutionGuid = {8DA9D14E-6089-4DCF-A8C5-F4A51F7B70EF}
	EndGlobalSection
EndGlobal
