
Microsoft Visual Studio Solution File, Format Version 12.00
# Visual Studio 15
VisualStudioVersion = 15.0.28010.2050
MinimumVisualStudioVersion = 10.0.40219.1
Project("{FAE04EC0-301F-11D3-BF4B-00C04F79EFBC}") = "LECLASSI", "LECLASSI\LECLASSI.csproj", "{E6FB09D2-D1AD-473E-90E5-AC2CCD0C92D0}"
EndProject
Project("{FAE04EC0-301F-11D3-BF4B-00C04F79EFBC}") = "LECLASSI2", "LECLASSI2\LECLASSI2.csproj", "{D93C379E-D475-4EE6-A526-82890CA4D750}"
EndProject
Global
	GlobalSection(SolutionConfigurationPlatforms) = preSolution
		Debug|Any CPU = Debug|Any CPU
		Release|Any CPU = Release|Any CPU
	EndGlobalSection
	GlobalSection(ProjectConfigurationPlatforms) = postSolution
		{E6FB09D2-D1AD-473E-90E5-AC2CCD0C92D0}.Debug|Any CPU.ActiveCfg = Debug|Any CPU
		{E6FB09D2-D1AD-473E-90E5-AC2CCD0C92D0}.Debug|Any CPU.Build.0 = Debug|Any CPU
		{E6FB09D2-D1AD-473E-90E5-AC2CCD0C92D0}.Release|Any CPU.ActiveCfg = Release|Any CPU
		{E6FB09D2-D1AD-473E-90E5-AC2CCD0C92D0}.Release|Any CPU.Build.0 = Release|Any CPU
		{D93C379E-D475-4EE6-A526-82890CA4D750}.Debug|Any CPU.ActiveCfg = Debug|Any CPU
		{D93C379E-D475-4EE6-A526-82890CA4D750}.Debug|Any CPU.Build.0 = Debug|Any CPU
		{D93C379E-D475-4EE6-A526-82890CA4D750}.Release|Any CPU.ActiveCfg = Release|Any CPU
		{D93C379E-D475-4EE6-A526-82890CA4D750}.Release|Any CPU.Build.0 = Release|Any CPU
	EndGlobalSection
	GlobalSection(SolutionProperties) = preSolution
		HideSolutionNode = FALSE
	EndGlobalSection
	GlobalSection(ExtensibilityGlobals) = postSolution
		SolutionGuid = {EF2FC62E-A1E9-4E8B-9F25-34BC51339D2B}
	EndGlobalSection
EndGlobal
