
Microsoft Visual Studio Solution File, Format Version 12.00
# Visual Studio 15
VisualStudioVersion = 15.0.28010.2050
MinimumVisualStudioVersion = 10.0.40219.1
Project("{FAE04EC0-301F-11D3-BF4B-00C04F79EFBC}") = "struct1", "struct1\struct1.csproj", "{77EBEEEA-8539-43BE-8631-02EF5CED0EFF}"
EndProject
Global
	GlobalSection(SolutionConfigurationPlatforms) = preSolution
		Debug|Any CPU = Debug|Any CPU
		Release|Any CPU = Release|Any CPU
	EndGlobalSection
	GlobalSection(ProjectConfigurationPlatforms) = postSolution
		{77EBEEEA-8539-43BE-8631-02EF5CED0EFF}.Debug|Any CPU.ActiveCfg = Debug|Any CPU
		{77EBEEEA-8539-43BE-8631-02EF5CED0EFF}.Debug|Any CPU.Build.0 = Debug|Any CPU
		{77EBEEEA-8539-43BE-8631-02EF5CED0EFF}.Release|Any CPU.ActiveCfg = Release|Any CPU
		{77EBEEEA-8539-43BE-8631-02EF5CED0EFF}.Release|Any CPU.Build.0 = Release|Any CPU
	EndGlobalSection
	GlobalSection(SolutionProperties) = preSolution
		HideSolutionNode = FALSE
	EndGlobalSection
	GlobalSection(ExtensibilityGlobals) = postSolution
		SolutionGuid = {F005E1A0-A10A-4C2C-8B64-3780A75882C9}
	EndGlobalSection
EndGlobal
