
Microsoft Visual Studio Solution File, Format Version 12.00
# Visual Studio 15
VisualStudioVersion = 15.0.28010.2050
MinimumVisualStudioVersion = 10.0.40219.1
Project("{FAE04EC0-301F-11D3-BF4B-00C04F79EFBC}") = "ConsoleApp1", "ConsoleApp1\ConsoleApp1.csproj", "{C7BB841C-4D78-4F8E-8BF8-0477FDB47AFC}"
EndProject
Global
	GlobalSection(SolutionConfigurationPlatforms) = preSolution
		Debug|Any CPU = Debug|Any CPU
		Release|Any CPU = Release|Any CPU
	EndGlobalSection
	GlobalSection(ProjectConfigurationPlatforms) = postSolution
		{C7BB841C-4D78-4F8E-8BF8-0477FDB47AFC}.Debug|Any CPU.ActiveCfg = Debug|Any CPU
		{C7BB841C-4D78-4F8E-8BF8-0477FDB47AFC}.Debug|Any CPU.Build.0 = Debug|Any CPU
		{C7BB841C-4D78-4F8E-8BF8-0477FDB47AFC}.Release|Any CPU.ActiveCfg = Release|Any CPU
		{C7BB841C-4D78-4F8E-8BF8-0477FDB47AFC}.Release|Any CPU.Build.0 = Release|Any CPU
	EndGlobalSection
	GlobalSection(SolutionProperties) = preSolution
		HideSolutionNode = FALSE
	EndGlobalSection
	GlobalSection(ExtensibilityGlobals) = postSolution
		SolutionGuid = {FED9B2D0-FD8B-4534-AB97-DE40EE9AFC6D}
	EndGlobalSection
EndGlobal
