
Microsoft Visual Studio Solution File, Format Version 12.00
# Visual Studio 15
VisualStudioVersion = 15.0.28010.2019
MinimumVisualStudioVersion = 10.0.40219.1
Project("{FAE04EC0-301F-11D3-BF4B-00C04F79EFBC}") = "tabellina2", "tabellina2\tabellina2.csproj", "{57BE4F18-97B6-448D-92FE-C225C8217B6E}"
EndProject
Global
	GlobalSection(SolutionConfigurationPlatforms) = preSolution
		Debug|Any CPU = Debug|Any CPU
		Release|Any CPU = Release|Any CPU
	EndGlobalSection
	GlobalSection(ProjectConfigurationPlatforms) = postSolution
		{57BE4F18-97B6-448D-92FE-C225C8217B6E}.Debug|Any CPU.ActiveCfg = Debug|Any CPU
		{57BE4F18-97B6-448D-92FE-C225C8217B6E}.Debug|Any CPU.Build.0 = Debug|Any CPU
		{57BE4F18-97B6-448D-92FE-C225C8217B6E}.Release|Any CPU.ActiveCfg = Release|Any CPU
		{57BE4F18-97B6-448D-92FE-C225C8217B6E}.Release|Any CPU.Build.0 = Release|Any CPU
	EndGlobalSection
	GlobalSection(SolutionProperties) = preSolution
		HideSolutionNode = FALSE
	EndGlobalSection
	GlobalSection(ExtensibilityGlobals) = postSolution
		SolutionGuid = {68F38383-C545-4184-B5C7-2E79D6534A70}
	EndGlobalSection
EndGlobal
