
Microsoft Visual Studio Solution File, Format Version 12.00
# Visual Studio 15
VisualStudioVersion = 15.0.28010.2050
MinimumVisualStudioVersion = 10.0.40219.1
Project("{FAE04EC0-301F-11D3-BF4B-00C04F79EFBC}") = "appswitch1", "appswitch1\appswitch1.csproj", "{7559B1E9-3D58-46DE-B552-F9A938F69A56}"
EndProject
Global
	GlobalSection(SolutionConfigurationPlatforms) = preSolution
		Debug|Any CPU = Debug|Any CPU
		Release|Any CPU = Release|Any CPU
	EndGlobalSection
	GlobalSection(ProjectConfigurationPlatforms) = postSolution
		{7559B1E9-3D58-46DE-B552-F9A938F69A56}.Debug|Any CPU.ActiveCfg = Debug|Any CPU
		{7559B1E9-3D58-46DE-B552-F9A938F69A56}.Debug|Any CPU.Build.0 = Debug|Any CPU
		{7559B1E9-3D58-46DE-B552-F9A938F69A56}.Release|Any CPU.ActiveCfg = Release|Any CPU
		{7559B1E9-3D58-46DE-B552-F9A938F69A56}.Release|Any CPU.Build.0 = Release|Any CPU
	EndGlobalSection
	GlobalSection(SolutionProperties) = preSolution
		HideSolutionNode = FALSE
	EndGlobalSection
	GlobalSection(ExtensibilityGlobals) = postSolution
		SolutionGuid = {CCEAB2A8-997F-405E-BB63-036C4918DF31}
	EndGlobalSection
EndGlobal
