
Microsoft Visual Studio Solution File, Format Version 12.00
# Visual Studio 15
VisualStudioVersion = 15.0.28010.2050
MinimumVisualStudioVersion = 10.0.40219.1
Project("{FAE04EC0-301F-11D3-BF4B-00C04F79EFBC}") = "privateandpublic", "privateandpublic\privateandpublic.csproj", "{2DD0BF8D-38C3-4821-A0A9-BBC085F94166}"
EndProject
Global
	GlobalSection(SolutionConfigurationPlatforms) = preSolution
		Debug|Any CPU = Debug|Any CPU
		Release|Any CPU = Release|Any CPU
	EndGlobalSection
	GlobalSection(ProjectConfigurationPlatforms) = postSolution
		{2DD0BF8D-38C3-4821-A0A9-BBC085F94166}.Debug|Any CPU.ActiveCfg = Debug|Any CPU
		{2DD0BF8D-38C3-4821-A0A9-BBC085F94166}.Debug|Any CPU.Build.0 = Debug|Any CPU
		{2DD0BF8D-38C3-4821-A0A9-BBC085F94166}.Release|Any CPU.ActiveCfg = Release|Any CPU
		{2DD0BF8D-38C3-4821-A0A9-BBC085F94166}.Release|Any CPU.Build.0 = Release|Any CPU
	EndGlobalSection
	GlobalSection(SolutionProperties) = preSolution
		HideSolutionNode = FALSE
	EndGlobalSection
	GlobalSection(ExtensibilityGlobals) = postSolution
		SolutionGuid = {851A7C0F-25CE-4128-8046-C67AD6DC1F2A}
	EndGlobalSection
EndGlobal
